
Microsoft Visual Studio Solution File, Format Version 12.00
# Visual Studio 15
VisualStudioVersion = 15.0.26430.6
MinimumVisualStudioVersion = 10.0.40219.1
Project("{FAE04EC0-301F-11D3-BF4B-00C04F79EFBC}") = "Cinemas", "Cinemas\Cinemas.csproj", "{606AB749-C957-4190-991F-1D5A1C8B1F83}"
EndProject
Global
	GlobalSection(SolutionConfigurationPlatforms) = preSolution
		Debug|Any CPU = Debug|Any CPU
		Release|Any CPU = Release|Any CPU
	EndGlobalSection
	GlobalSection(ProjectConfigurationPlatforms) = postSolution
		{606AB749-C957-4190-991F-1D5A1C8B1F83}.Debug|Any CPU.ActiveCfg = Debug|Any CPU
		{606AB749-C957-4190-991F-1D5A1C8B1F83}.Debug|Any CPU.Build.0 = Debug|Any CPU
		{606AB749-C957-4190-991F-1D5A1C8B1F83}.Release|Any CPU.ActiveCfg = Release|Any CPU
		{606AB749-C957-4190-991F-1D5A1C8B1F83}.Release|Any CPU.Build.0 = Release|Any CPU
	EndGlobalSection
	GlobalSection(SolutionProperties) = preSolution
		HideSolutionNode = FALSE
	EndGlobalSection
	GlobalSection(TeamFoundationVersionControl) = preSolution
		SccNumberOfProjects = 2
		SccEnterpriseProvider = {4CA58AB2-18FA-4F8D-95D4-32DDF27D184C}
		SccTeamFoundationServer = http://42.112.212.163:8080/tfs/defaultcollection
		SccLocalPath0 = .
		SccProjectUniqueName1 = Cinemas\\Cinemas.csproj
		SccProjectName1 = Cinemas
		SccLocalPath1 = Cinemas
	EndGlobalSection
EndGlobal
